// !$*UTF8*$!
{
	archiveVersion = 1;
	classes = {
	};
	objectVersion = 50;
	objects = {

/* Begin PBXBuildFile section */
		C0640DBD24C03486006E60D7 /* AppDelegate.swift in Sources */ = {isa = PBXBuildFile; fileRef = C0640DBC24C03486006E60D7 /* AppDelegate.swift */; };
		C0640DC124C03486006E60D7 /* ViewController.swift in Sources */ = {isa = PBXBuildFile; fileRef = C0640DC024C03486006E60D7 /* ViewController.swift */; };
		C0640DC424C03486006E60D7 /* Main.storyboard in Resources */ = {isa = PBXBuildFile; fileRef = C0640DC224C03486006E60D7 /* Main.storyboard */; };
		C0640DC624C03489006E60D7 /* Assets.xcassets in Resources */ = {isa = PBXBuildFile; fileRef = C0640DC524C03489006E60D7 /* Assets.xcassets */; };
		C0640DC924C03489006E60D7 /* LaunchScreen.storyboard in Resources */ = {isa = PBXBuildFile; fileRef = C0640DC724C03489006E60D7 /* LaunchScreen.storyboard */; };
		C0640DD224C03F9D006E60D7 /* InputViewController.swift in Sources */ = {isa = PBXBuildFile; fileRef = C0640DD124C03F9D006E60D7 /* InputViewController.swift */; };
		C0640DD424C04F32006E60D7 /* PDFGraphicsRenderer.swift in Sources */ = {isa = PBXBuildFile; fileRef = C0640DD324C04F32006E60D7 /* PDFGraphicsRenderer.swift */; };
		C0640DD624C05E4C006E60D7 /* PDFPreviewViewController.swift in Sources */ = {isa = PBXBuildFile; fileRef = C0640DD524C05E4C006E60D7 /* PDFPreviewViewController.swift */; };
/* End PBXBuildFile section */

/* Begin PBXFileReference section */
		C0640DB924C03486006E60D7 /* PDFGenerate.app */ = {isa = PBXFileReference; explicitFileType = wrapper.application; includeInIndex = 0; path = PDFGenerate.app; sourceTree = BUILT_PRODUCTS_DIR; };
		C0640DBC24C03486006E60D7 /* AppDelegate.swift */ = {isa = PBXFileReference; lastKnownFileType = sourcecode.swift; path = AppDelegate.swift; sourceTree = "<group>"; };
		C0640DC024C03486006E60D7 /* ViewController.swift */ = {isa = PBXFileReference; lastKnownFileType = sourcecode.swift; path = ViewController.swift; sourceTree = "<group>"; };
		C0640DC324C03486006E60D7 /* Base */ = {isa = PBXFileReference; lastKnownFileType = file.storyboard; name = Base; path = Base.lproj/Main.storyboard; sourceTree = "<group>"; };
		C0640DC524C03489006E60D7 /* Assets.xcassets */ = {isa = PBXFileReference; lastKnownFileType = folder.assetcatalog; path = Assets.xcassets; sourceTree = "<group>"; };
		C0640DC824C03489006E60D7 /* Base */ = {isa = PBXFileReference; lastKnownFileType = file.storyboard; name = Base; path = Base.lproj/LaunchScreen.storyboard; sourceTree = "<group>"; };
		C0640DCA24C03489006E60D7 /* Info.plist */ = {isa = PBXFileReference; lastKnownFileType = text.plist.xml; path = Info.plist; sourceTree = "<group>"; };
		C0640DD124C03F9D006E60D7 /* InputViewController.swift */ = {isa = PBXFileReference; lastKnownFileType = sourcecode.swift; path = InputViewController.swift; sourceTree = "<group>"; };
		C0640DD324C04F32006E60D7 /* PDFGraphicsRenderer.swift */ = {isa = PBXFileReference; lastKnownFileType = sourcecode.swift; path = PDFGraphicsRenderer.swift; sourceTree = "<group>"; };
		C0640DD524C05E4C006E60D7 /* PDFPreviewViewController.swift */ = {isa = PBXFileReference; lastKnownFileType = sourcecode.swift; path = PDFPreviewViewController.swift; sourceTree = "<group>"; };
/* End PBXFileReference section */

/* Begin PBXFrameworksBuildPhase section */
		C0640DB624C03486006E60D7 /* Frameworks */ = {
			isa = PBXFrameworksBuildPhase;
			buildActionMask = 2147483647;
			files = (
			);
			runOnlyForDeploymentPostprocessing = 0;
		};
/* End PBXFrameworksBuildPhase section */

/* Begin PBXGroup section */
		C0640DB024C03486006E60D7 = {
			isa = PBXGroup;
			children = (
				C0640DBB24C03486006E60D7 /* PDFGenerate */,
				C0640DBA24C03486006E60D7 /* Products */,
			);
			sourceTree = "<group>";
		};
		C0640DBA24C03486006E60D7 /* Products */ = {
			isa = PBXGroup;
			children = (
				C0640DB924C03486006E60D7 /* PDFGenerate.app */,
			);
			name = Products;
			sourceTree = "<group>";
		};
		C0640DBB24C03486006E60D7 /* PDFGenerate */ = {
			isa = PBXGroup;
			children = (
				C0640DBC24C03486006E60D7 /* AppDelegate.swift */,
				C0640DC024C03486006E60D7 /* ViewController.swift */,
				C0640DD124C03F9D006E60D7 /* InputViewController.swift */,
				C0640DD524C05E4C006E60D7 /* PDFPreviewViewController.swift */,
				C0640DD324C04F32006E60D7 /* PDFGraphicsRenderer.swift */,
				C0640DC224C03486006E60D7 /* Main.storyboard */,
				C0640DC524C03489006E60D7 /* Assets.xcassets */,
				C0640DC724C03489006E60D7 /* LaunchScreen.storyboard */,
				C0640DCA24C03489006E60D7 /* Info.plist */,
			);
			path = PDFGenerate;
			sourceTree = "<group>";
		};
/* End PBXGroup section */

/* Begin PBXNativeTarget section */
		C0640DB824C03486006E60D7 /* PDFGenerate */ = {
			isa = PBXNativeTarget;
			buildConfigurationList = C0640DCD24C03489006E60D7 /* Build configuration list for PBXNativeTarget "PDFGenerate" */;
			buildPhases = (
				C0640DB524C03486006E60D7 /* Sources */,
				C0640DB624C03486006E60D7 /* Frameworks */,
				C0640DB724C03486006E60D7 /* Resources */,
			);
			buildRules = (
			);
			dependencies = (
			);
			name = PDFGenerate;
			productName = PDFGenerate;
			productReference = C0640DB924C03486006E60D7 /* PDFGenerate.app */;
			productType = "com.apple.product-type.application";
		};
/* End PBXNativeTarget section */

/* Begin PBXProject section */
		C0640DB124C03486006E60D7 /* Project object */ = {
			isa = PBXProject;
			attributes = {
				LastSwiftUpdateCheck = 1150;
				LastUpgradeCheck = 1150;
				ORGANIZATIONNAME = Hanson;
				TargetAttributes = {
					C0640DB824C03486006E60D7 = {
						CreatedOnToolsVersion = 11.5;
					};
				};
			};
			buildConfigurationList = C0640DB424C03486006E60D7 /* Build configuration list for PBXProject "PDFGenerate" */;
			compatibilityVersion = "Xcode 9.3";
			developmentRegion = en;
			hasScannedForEncodings = 0;
			knownRegions = (
				en,
				Base,
			);
			mainGroup = C0640DB024C03486006E60D7;
			productRefGroup = C0640DBA24C03486006E60D7 /* Products */;
			projectDirPath = "";
			projectRoot = "";
			targets = (
				C0640DB824C03486006E60D7 /* PDFGenerate */,
			);
		};
/* End PBXProject section */

/* Begin PBXResourcesBuildPhase section */
		C0640DB724C03486006E60D7 /* Resources */ = {
			isa = PBXResourcesBuildPhase;
			buildActionMask = 2147483647;
			files = (
				C0640DC924C03489006E60D7 /* LaunchScreen.storyboard in Resources */,
				C0640DC624C03489006E60D7 /* Assets.xcassets in Resources */,
				C0640DC424C03486006E60D7 /* Main.storyboard in Resources */,
			);
			runOnlyForDeploymentPostprocessing = 0;
		};
/* End PBXResourcesBuildPhase section */

/* Begin PBXSourcesBuildPhase section */
		C0640DB524C03486006E60D7 /* Sources */ = {
			isa = PBXSourcesBuildPhase;
			buildActionMask = 2147483647;
			files = (
				C0640DD224C03F9D006E60D7 /* InputViewController.swift in Sources */,
				C0640DC124C03486006E60D7 /* ViewController.swift in Sources */,
				C0640DD424C04F32006E60D7 /* PDFGraphicsRenderer.swift in Sources */,
				C0640DBD24C03486006E60D7 /* AppDelegate.swift in Sources */,
				C0640DD624C05E4C006E60D7 /* PDFPreviewViewController.swift in Sources */,
			);
			runOnlyForDeploymentPostprocessing = 0;
		};
/* End PBXSourcesBuildPhase section */

/* Begin PBXVariantGroup section */
		C0640DC224C03486006E60D7 /* Main.storyboard */ = {
			isa = PBXVariantGroup;
			children = (
				C0640DC324C03486006E60D7 /* Base */,
			);
			name = Main.storyboard;
			sourceTree = "<group>";
		};
		C0640DC724C03489006E60D7 /* LaunchScreen.storyboard */ = {
			isa = PBXVariantGroup;
			children = (
				C0640DC824C03489006E60D7 /* Base */,
			);
			name = LaunchScreen.storyboard;
			sourceTree = "<group>";
		};
/* End PBXVariantGroup section */

/* Begin XCBuildConfiguration section */
		C0640DCB24C03489006E60D7 /* Debug */ = {
			isa = XCBuildConfiguration;
			buildSettings = {
				ALWAYS_SEARCH_USER_PATHS = NO;
				CLANG_ANALYZER_NONNULL = YES;
				CLANG_ANALYZER_NUMBER_OBJECT_CONVERSION = YES_AGGRESSIVE;
				CLANG_CXX_LANGUAGE_STANDARD = "gnu++14";
				CLANG_CXX_LIBRARY = "libc++";
				CLANG_ENABLE_MODULES = YES;
				CLANG_ENABLE_OBJC_ARC = YES;
				CLANG_ENABLE_OBJC_WEAK = YES;
				CLANG_WARN_BLOCK_CAPTURE_AUTORELEASING = YES;
				CLANG_WARN_BOOL_CONVERSION = YES;
				CLANG_WARN_COMMA = YES;
				CLANG_WARN_CONSTANT_CONVERSION = YES;
				CLANG_WARN_DEPRECATED_OBJC_IMPLEMENTATIONS = YES;
				CLANG_WARN_DIRECT_OBJC_ISA_USAGE = YES_ERROR;
				CLANG_WARN_DOCUMENTATION_COMMENTS = YES;
				CLANG_WARN_EMPTY_BODY = YES;
				CLANG_WARN_ENUM_CONVERSION = YES;
				CLANG_WARN_INFINITE_RECURSION = YES;
				CLANG_WARN_INT_CONVERSION = YES;
				CLANG_WARN_NON_LITERAL_NULL_CONVERSION = YES;
				CLANG_WARN_OBJC_IMPLICIT_RETAIN_SELF = YES;
				CLANG_WARN_OBJC_LITERAL_CONVERSION = YES;
				CLANG_WARN_OBJC_ROOT_CLASS = YES_ERROR;
				CLANG_WARN_RANGE_LOOP_ANALYSIS = YES;
				CLANG_WARN_STRICT_PROTOTYPES = YES;
				CLANG_WARN_SUSPICIOUS_MOVE = YES;
				CLANG_WARN_UNGUARDED_AVAILABILITY = YES_AGGRESSIVE;
				CLANG_WARN_UNREACHABLE_CODE = YES;
				CLANG_WARN__DUPLICATE_METHOD_MATCH = YES;
				COPY_PHASE_STRIP = NO;
				DEBUG_INFORMATION_FORMAT = dwarf;
				ENABLE_STRICT_OBJC_MSGSEND = YES;
				ENABLE_TESTABILITY = YES;
				GCC_C_LANGUAGE_STANDARD = gnu11;
				GCC_DYNAMIC_NO_PIC = NO;
				GCC_NO_COMMON_BLOCKS = YES;
				GCC_OPTIMIZATION_LEVEL = 0;
				GCC_PREPROCESSOR_DEFINITIONS = (
					"DEBUG=1",
					"$(inherited)",
				);
				GCC_WARN_64_TO_32_BIT_CONVERSION = YES;
				GCC_WARN_ABOUT_RETURN_TYPE = YES_ERROR;
				GCC_WARN_UNDECLARED_SELECTOR = YES;
				GCC_WARN_UNINITIALIZED_AUTOS = YES_AGGRESSIVE;
				GCC_WARN_UNUSED_FUNCTION = YES;
				GCC_WARN_UNUSED_VARIABLE = YES;
				IPHONEOS_DEPLOYMENT_TARGET = 13.5;
				MTL_ENABLE_DEBUG_INFO = INCLUDE_SOURCE;
				MTL_FAST_MATH = YES;
				ONLY_ACTIVE_ARCH = YES;
				SDKROOT = iphoneos;
				SWIFT_ACTIVE_COMPILATION_CONDITIONS = DEBUG;
				SWIFT_OPTIMIZATION_LEVEL = "-Onone";
			};
			name = Debug;
		};
		C0640DCC24C03489006E60D7 /* Release */ = {
			isa = XCBuildConfiguration;
			buildSettings = {
				ALWAYS_SEARCH_USER_PATHS = NO;
				CLANG_ANALYZER_NONNULL = YES;
				CLANG_ANALYZER_NUMBER_OBJECT_CONVERSION = YES_AGGRESSIVE;
				CLANG_CXX_LANGUAGE_STANDARD = "gnu++14";
				CLANG_CXX_LIBRARY = "libc++";
				CLANG_ENABLE_MODULES = YES;
				CLANG_ENABLE_OBJC_ARC = YES;
				CLANG_ENABLE_OBJC_WEAK = YES;
				CLANG_WARN_BLOCK_CAPTURE_AUTORELEASING = YES;
				CLANG_WARN_BOOL_CONVERSION = YES;
				CLANG_WARN_COMMA = YES;
				CLANG_WARN_CONSTANT_CONVERSION = YES;
				CLANG_WARN_DEPRECATED_OBJC_IMPLEMENTATIONS = YES;
				CLANG_WARN_DIRECT_OBJC_ISA_USAGE = YES_ERROR;
				CLANG_WARN_DOCUMENTATION_COMMENTS = YES;
				CLANG_WARN_EMPTY_BODY = YES;
				CLANG_WARN_ENUM_CONVERSION = YES;
				CLANG_WARN_INFINITE_RECURSION = YES;
				CLANG_WARN_INT_CONVERSION = YES;
				CLANG_WARN_NON_LITERAL_NULL_CONVERSION = YES;
				CLANG_WARN_OBJC_IMPLICIT_RETAIN_SELF = YES;
				CLANG_WARN_OBJC_LITERAL_CONVERSION = YES;
				CLANG_WARN_OBJC_ROOT_CLASS = YES_ERROR;
				CLANG_WARN_RANGE_LOOP_ANALYSIS = YES;
				CLANG_WARN_STRICT_PROTOTYPES = YES;
				CLANG_WARN_SUSPICIOUS_MOVE = YES;
				CLANG_WARN_UNGUARDED_AVAILABILITY = YES_AGGRESSIVE;
				CLANG_WARN_UNREACHABLE_CODE = YES;
				CLANG_WARN__DUPLICATE_METHOD_MATCH = YES;
				COPY_PHASE_STRIP = NO;
				DEBUG_INFORMATION_FORMAT = "dwarf-with-dsym";
				ENABLE_NS_ASSERTIONS = NO;
				ENABLE_STRICT_OBJC_MSGSEND = YES;
				GCC_C_LANGUAGE_STANDARD = gnu11;
				GCC_NO_COMMON_BLOCKS = YES;
				GCC_WARN_64_TO_32_BIT_CONVERSION = YES;
				GCC_WARN_ABOUT_RETURN_TYPE = YES_ERROR;
				GCC_WARN_UNDECLARED_SELECTOR = YES;
				GCC_WARN_UNINITIALIZED_AUTOS = YES_AGGRESSIVE;
				GCC_WARN_UNUSED_FUNCTION = YES;
				GCC_WARN_UNUSED_VARIABLE = YES;
				IPHONEOS_DEPLOYMENT_TARGET = 13.5;
				MTL_ENABLE_DEBUG_INFO = NO;
				MTL_FAST_MATH = YES;
				SDKROOT = iphoneos;
				SWIFT_COMPILATION_MODE = wholemodule;
				SWIFT_OPTIMIZATION_LEVEL = "-O";
				VALIDATE_PRODUCT = YES;
			};
			name = Release;
		};
		C0640DCE24C03489006E60D7 /* Debug */ = {
			isa = XCBuildConfiguration;
			buildSettings = {
				ASSETCATALOG_COMPILER_APPICON_NAME = AppIcon;
				CODE_SIGN_STYLE = Automatic;
				DEVELOPMENT_TEAM = XC238MH24L;
				INFOPLIST_FILE = PDFGenerate/Info.plist;
				IPHONEOS_DEPLOYMENT_TARGET = 11.4;
				LD_RUNPATH_SEARCH_PATHS = (
					"$(inherited)",
					"@executable_path/Frameworks",
				);
				PRODUCT_BUNDLE_IDENTIFIER = com.hanson.PDFGenerate;
				PRODUCT_NAME = "$(TARGET_NAME)";
				SWIFT_VERSION = 5.0;
				TARGETED_DEVICE_FAMILY = "1,2";
			};
			name = Debug;
		};
		C0640DCF24C03489006E60D7 /* Release */ = {
			isa = XCBuildConfiguration;
			buildSettings = {
				ASSETCATALOG_COMPILER_APPICON_NAME = AppIcon;
				CODE_SIGN_STYLE = Automatic;
				DEVELOPMENT_TEAM = XC238MH24L;
				INFOPLIST_FILE = PDFGenerate/Info.plist;
				IPHONEOS_DEPLOYMENT_TARGET = 11.4;
				LD_RUNPATH_SEARCH_PATHS = (
					"$(inherited)",
					"@executable_path/Frameworks",
				);
				PRODUCT_BUNDLE_IDENTIFIER = com.hanson.PDFGenerate;
				PRODUCT_NAME = "$(TARGET_NAME)";
				SWIFT_VERSION = 5.0;
				TARGETED_DEVICE_FAMILY = "1,2";
			};
			name = Release;
		};
/* End XCBuildConfiguration section */

/* Begin XCConfigurationList section */
		C0640DB424C03486006E60D7 /* Build configuration list for PBXProject "PDFGenerate" */ = {
			isa = XCConfigurationList;
			buildConfigurations = (
				C0640DCB24C03489006E60D7 /* Debug */,
				C0640DCC24C03489006E60D7 /* Release */,
			);
			defaultConfigurationIsVisible = 0;
			defaultConfigurationName = Release;
		};
		C0640DCD24C03489006E60D7 /* Build configuration list for PBXNativeTarget "PDFGenerate" */ = {
			isa = XCConfigurationList;
			buildConfigurations = (
				C0640DCE24C03489006E60D7 /* Debug */,
				C0640DCF24C03489006E60D7 /* Release */,
			);
			defaultConfigurationIsVisible = 0;
			defaultConfigurationName = Release;
		};
/* End XCConfigurationList section */
	};
	rootObject = C0640DB124C03486006E60D7 /* Project object */;
}
